
Microsoft Visual Studio Solution File, Format Version 11.00
# Visual Studio 2010
Project("{F184B08F-C81C-45F6-A57F-5ABD9991F28F}") = "BASDTrainingWinForms.UI", "BASDTrainingWinForms.UI\BASDTrainingWinForms.UI.vbproj", "{795701D3-271E-4D03-AF9D-FCC91010A72D}"
EndProject
Project("{F184B08F-C81C-45F6-A57F-5ABD9991F28F}") = "BASDTraining.Console", "BASDTraining.Console\BASDTraining.Console.vbproj", "{7EA13285-6835-4D61-82E3-4571B6AFCC38}"
EndProject
Project("{F184B08F-C81C-45F6-A57F-5ABD9991F28F}") = "BASD.Helper", "BASD.Helper\BASD.Helper.vbproj", "{CEC9EE9D-7976-4599-8765-F2B3A4553596}"
EndProject
Project("{F184B08F-C81C-45F6-A57F-5ABD9991F28F}") = "BASDTraining.Entity", "BASDTraining.Entity\BASDTraining.Entity.vbproj", "{F8D71C88-C325-4AE7-A015-454AD7067C43}"
EndProject
Global
	GlobalSection(SolutionConfigurationPlatforms) = preSolution
		Debug|Any CPU = Debug|Any CPU
		Debug|Mixed Platforms = Debug|Mixed Platforms
		Debug|x86 = Debug|x86
		Release|Any CPU = Release|Any CPU
		Release|Mixed Platforms = Release|Mixed Platforms
		Release|x86 = Release|x86
	EndGlobalSection
	GlobalSection(ProjectConfigurationPlatforms) = postSolution
		{795701D3-271E-4D03-AF9D-FCC91010A72D}.Debug|Any CPU.ActiveCfg = Debug|x86
		{795701D3-271E-4D03-AF9D-FCC91010A72D}.Debug|Mixed Platforms.ActiveCfg = Debug|x86
		{795701D3-271E-4D03-AF9D-FCC91010A72D}.Debug|Mixed Platforms.Build.0 = Debug|x86
		{795701D3-271E-4D03-AF9D-FCC91010A72D}.Debug|x86.ActiveCfg = Debug|x86
		{795701D3-271E-4D03-AF9D-FCC91010A72D}.Debug|x86.Build.0 = Debug|x86
		{795701D3-271E-4D03-AF9D-FCC91010A72D}.Release|Any CPU.ActiveCfg = Release|x86
		{795701D3-271E-4D03-AF9D-FCC91010A72D}.Release|Mixed Platforms.ActiveCfg = Release|x86
		{795701D3-271E-4D03-AF9D-FCC91010A72D}.Release|Mixed Platforms.Build.0 = Release|x86
		{795701D3-271E-4D03-AF9D-FCC91010A72D}.Release|x86.ActiveCfg = Release|x86
		{795701D3-271E-4D03-AF9D-FCC91010A72D}.Release|x86.Build.0 = Release|x86
		{7EA13285-6835-4D61-82E3-4571B6AFCC38}.Debug|Any CPU.ActiveCfg = Debug|x86
		{7EA13285-6835-4D61-82E3-4571B6AFCC38}.Debug|Mixed Platforms.ActiveCfg = Debug|x86
		{7EA13285-6835-4D61-82E3-4571B6AFCC38}.Debug|Mixed Platforms.Build.0 = Debug|x86
		{7EA13285-6835-4D61-82E3-4571B6AFCC38}.Debug|x86.ActiveCfg = Debug|x86
		{7EA13285-6835-4D61-82E3-4571B6AFCC38}.Debug|x86.Build.0 = Debug|x86
		{7EA13285-6835-4D61-82E3-4571B6AFCC38}.Release|Any CPU.ActiveCfg = Release|x86
		{7EA13285-6835-4D61-82E3-4571B6AFCC38}.Release|Mixed Platforms.ActiveCfg = Release|x86
		{7EA13285-6835-4D61-82E3-4571B6AFCC38}.Release|Mixed Platforms.Build.0 = Release|x86
		{7EA13285-6835-4D61-82E3-4571B6AFCC38}.Release|x86.ActiveCfg = Release|x86
		{7EA13285-6835-4D61-82E3-4571B6AFCC38}.Release|x86.Build.0 = Release|x86
		{CEC9EE9D-7976-4599-8765-F2B3A4553596}.Debug|Any CPU.ActiveCfg = Debug|Any CPU
		{CEC9EE9D-7976-4599-8765-F2B3A4553596}.Debug|Any CPU.Build.0 = Debug|Any CPU
		{CEC9EE9D-7976-4599-8765-F2B3A4553596}.Debug|Mixed Platforms.ActiveCfg = Debug|Any CPU
		{CEC9EE9D-7976-4599-8765-F2B3A4553596}.Debug|Mixed Platforms.Build.0 = Debug|Any CPU
		{CEC9EE9D-7976-4599-8765-F2B3A4553596}.Debug|x86.ActiveCfg = Debug|Any CPU
		{CEC9EE9D-7976-4599-8765-F2B3A4553596}.Release|Any CPU.ActiveCfg = Release|Any CPU
		{CEC9EE9D-7976-4599-8765-F2B3A4553596}.Release|Any CPU.Build.0 = Release|Any CPU
		{CEC9EE9D-7976-4599-8765-F2B3A4553596}.Release|Mixed Platforms.ActiveCfg = Release|Any CPU
		{CEC9EE9D-7976-4599-8765-F2B3A4553596}.Release|Mixed Platforms.Build.0 = Release|Any CPU
		{CEC9EE9D-7976-4599-8765-F2B3A4553596}.Release|x86.ActiveCfg = Release|Any CPU
		{F8D71C88-C325-4AE7-A015-454AD7067C43}.Debug|Any CPU.ActiveCfg = Debug|Any CPU
		{F8D71C88-C325-4AE7-A015-454AD7067C43}.Debug|Any CPU.Build.0 = Debug|Any CPU
		{F8D71C88-C325-4AE7-A015-454AD7067C43}.Debug|Mixed Platforms.ActiveCfg = Debug|Any CPU
		{F8D71C88-C325-4AE7-A015-454AD7067C43}.Debug|Mixed Platforms.Build.0 = Debug|Any CPU
		{F8D71C88-C325-4AE7-A015-454AD7067C43}.Debug|x86.ActiveCfg = Debug|Any CPU
		{F8D71C88-C325-4AE7-A015-454AD7067C43}.Release|Any CPU.ActiveCfg = Release|Any CPU
		{F8D71C88-C325-4AE7-A015-454AD7067C43}.Release|Any CPU.Build.0 = Release|Any CPU
		{F8D71C88-C325-4AE7-A015-454AD7067C43}.Release|Mixed Platforms.ActiveCfg = Release|Any CPU
		{F8D71C88-C325-4AE7-A015-454AD7067C43}.Release|Mixed Platforms.Build.0 = Release|Any CPU
		{F8D71C88-C325-4AE7-A015-454AD7067C43}.Release|x86.ActiveCfg = Release|Any CPU
	EndGlobalSection
	GlobalSection(SolutionProperties) = preSolution
		HideSolutionNode = FALSE
	EndGlobalSection
EndGlobal
