
Microsoft Visual Studio Solution File, Format Version 11.00
# Visual Studio 2010
Project("{F184B08F-C81C-45F6-A57F-5ABD9991F28F}") = "EmployeeRecord.UI", "EmployeeRecord.UI\EmployeeRecord.UI.vbproj", "{66B9AC04-B6A5-4D63-B3A0-E553818A6AFE}"
EndProject
Project("{F184B08F-C81C-45F6-A57F-5ABD9991F28F}") = "BASD.Helper", "BASD.Helper\BASD.Helper.vbproj", "{CEC9EE9D-7976-4599-8765-F2B3A4553596}"
EndProject
Global
	GlobalSection(SolutionConfigurationPlatforms) = preSolution
		Debug|Any CPU = Debug|Any CPU
		Debug|Mixed Platforms = Debug|Mixed Platforms
		Debug|x86 = Debug|x86
		Release|Any CPU = Release|Any CPU
		Release|Mixed Platforms = Release|Mixed Platforms
		Release|x86 = Release|x86
	EndGlobalSection
	GlobalSection(ProjectConfigurationPlatforms) = postSolution
		{66B9AC04-B6A5-4D63-B3A0-E553818A6AFE}.Debug|Any CPU.ActiveCfg = Debug|x86
		{66B9AC04-B6A5-4D63-B3A0-E553818A6AFE}.Debug|Mixed Platforms.ActiveCfg = Debug|x86
		{66B9AC04-B6A5-4D63-B3A0-E553818A6AFE}.Debug|Mixed Platforms.Build.0 = Debug|x86
		{66B9AC04-B6A5-4D63-B3A0-E553818A6AFE}.Debug|x86.ActiveCfg = Debug|x86
		{66B9AC04-B6A5-4D63-B3A0-E553818A6AFE}.Debug|x86.Build.0 = Debug|x86
		{66B9AC04-B6A5-4D63-B3A0-E553818A6AFE}.Release|Any CPU.ActiveCfg = Release|x86
		{66B9AC04-B6A5-4D63-B3A0-E553818A6AFE}.Release|Mixed Platforms.ActiveCfg = Release|x86
		{66B9AC04-B6A5-4D63-B3A0-E553818A6AFE}.Release|Mixed Platforms.Build.0 = Release|x86
		{66B9AC04-B6A5-4D63-B3A0-E553818A6AFE}.Release|x86.ActiveCfg = Release|x86
		{66B9AC04-B6A5-4D63-B3A0-E553818A6AFE}.Release|x86.Build.0 = Release|x86
		{CEC9EE9D-7976-4599-8765-F2B3A4553596}.Debug|Any CPU.ActiveCfg = Debug|Any CPU
		{CEC9EE9D-7976-4599-8765-F2B3A4553596}.Debug|Any CPU.Build.0 = Debug|Any CPU
		{CEC9EE9D-7976-4599-8765-F2B3A4553596}.Debug|Mixed Platforms.ActiveCfg = Debug|Any CPU
		{CEC9EE9D-7976-4599-8765-F2B3A4553596}.Debug|Mixed Platforms.Build.0 = Debug|Any CPU
		{CEC9EE9D-7976-4599-8765-F2B3A4553596}.Debug|x86.ActiveCfg = Debug|Any CPU
		{CEC9EE9D-7976-4599-8765-F2B3A4553596}.Release|Any CPU.ActiveCfg = Release|Any CPU
		{CEC9EE9D-7976-4599-8765-F2B3A4553596}.Release|Any CPU.Build.0 = Release|Any CPU
		{CEC9EE9D-7976-4599-8765-F2B3A4553596}.Release|Mixed Platforms.ActiveCfg = Release|Any CPU
		{CEC9EE9D-7976-4599-8765-F2B3A4553596}.Release|Mixed Platforms.Build.0 = Release|Any CPU
		{CEC9EE9D-7976-4599-8765-F2B3A4553596}.Release|x86.ActiveCfg = Release|Any CPU
	EndGlobalSection
	GlobalSection(SolutionProperties) = preSolution
		HideSolutionNode = FALSE
	EndGlobalSection
EndGlobal
